{
    "version": 3,
    "terraform_version": "0.11.11",
    "serial": 2,
    "lineage": "0cdf90fc-3631-1ba8-700c-c01030e182ea",
    "modules": [
        {
            "path": [
                "root"
            ],
            "outputs": {},
            "resources": {},
            "depends_on": []
        },
        {
            "path": [
                "root",
                "Networking"
            ],
            "outputs": {},
            "resources": {
                "aws_internet_gateway.myigw": {
                    "type": "aws_internet_gateway",
                    "depends_on": [
                        "aws_vpc.myvpc"
                    ],
                    "primary": {
                        "id": "igw-0a90371eef0cb139d",
                        "attributes": {
                            "id": "igw-0a90371eef0cb139d",
                            "owner_id": "394293180914",
                            "tags.%": "1",
                            "tags.Name": "testingIGW",
                            "vpc_id": "vpc-0e4d8180eee43db7c"
                        },
                        "meta": {},
                        "tainted": false
                    },
                    "deposed": [],
                    "provider": "provider.aws"
                },
                "aws_route_table.myprivatert": {
                    "type": "aws_route_table",
                    "depends_on": [
                        "aws_vpc.myvpc"
                    ],
                    "primary": {
                        "id": "rtb-03296c13abb105c65",
                        "attributes": {
                            "id": "rtb-03296c13abb105c65",
                            "owner_id": "394293180914",
                            "propagating_vgws.#": "0",
                            "route.#": "0",
                            "tags.%": "1",
                            "tags.Name": "testingPrivateRT",
                            "vpc_id": "vpc-0e4d8180eee43db7c"
                        },
                        "meta": {},
                        "tainted": false
                    },
                    "deposed": [],
                    "provider": "provider.aws"
                },
                "aws_route_table.mypublicrt": {
                    "type": "aws_route_table",
                    "depends_on": [
                        "aws_internet_gateway.myigw",
                        "aws_vpc.myvpc"
                    ],
                    "primary": {
                        "id": "rtb-00ec073be108e50cf",
                        "attributes": {
                            "id": "rtb-00ec073be108e50cf",
                            "owner_id": "394293180914",
                            "propagating_vgws.#": "0",
                            "route.#": "1",
                            "route.2422639726.cidr_block": "0.0.0.0/0",
                            "route.2422639726.egress_only_gateway_id": "",
                            "route.2422639726.gateway_id": "igw-0a90371eef0cb139d",
                            "route.2422639726.instance_id": "",
                            "route.2422639726.ipv6_cidr_block": "",
                            "route.2422639726.nat_gateway_id": "",
                            "route.2422639726.network_interface_id": "",
                            "route.2422639726.transit_gateway_id": "",
                            "route.2422639726.vpc_peering_connection_id": "",
                            "tags.%": "1",
                            "tags.Name": "testingPublicRT",
                            "vpc_id": "vpc-0e4d8180eee43db7c"
                        },
                        "meta": {},
                        "tainted": false
                    },
                    "deposed": [],
                    "provider": "provider.aws"
                },
                "aws_route_table_association.myprivatert.0": {
                    "type": "aws_route_table_association",
                    "depends_on": [
                        "aws_route_table.myprivatert",
                        "aws_subnet.myprivatesubnet",
                        "aws_subnet.myprivatesubnet.*"
                    ],
                    "primary": {
                        "id": "rtbassoc-0c71842f48c0c2f3e",
                        "attributes": {
                            "id": "rtbassoc-0c71842f48c0c2f3e",
                            "route_table_id": "rtb-03296c13abb105c65",
                            "subnet_id": "subnet-0d41b1e874a4752b7"
                        },
                        "meta": {},
                        "tainted": false
                    },
                    "deposed": [],
                    "provider": "provider.aws"
                },
                "aws_route_table_association.myprivatert.1": {
                    "type": "aws_route_table_association",
                    "depends_on": [
                        "aws_route_table.myprivatert",
                        "aws_subnet.myprivatesubnet",
                        "aws_subnet.myprivatesubnet.*"
                    ],
                    "primary": {
                        "id": "rtbassoc-0bfeccd1d3bc9ea4d",
                        "attributes": {
                            "id": "rtbassoc-0bfeccd1d3bc9ea4d",
                            "route_table_id": "rtb-03296c13abb105c65",
                            "subnet_id": "subnet-04fc25c3fb7f1b2f1"
                        },
                        "meta": {},
                        "tainted": false
                    },
                    "deposed": [],
                    "provider": "provider.aws"
                },
                "aws_route_table_association.mypubsubassociation.0": {
                    "type": "aws_route_table_association",
                    "depends_on": [
                        "aws_route_table.mypublicrt",
                        "aws_subnet.mypublicsubnet",
                        "aws_subnet.mypublicsubnet.*"
                    ],
                    "primary": {
                        "id": "rtbassoc-0397efe8ef6d857b8",
                        "attributes": {
                            "id": "rtbassoc-0397efe8ef6d857b8",
                            "route_table_id": "rtb-00ec073be108e50cf",
                            "subnet_id": "subnet-098ee8f6aeae31f07"
                        },
                        "meta": {},
                        "tainted": false
                    },
                    "deposed": [],
                    "provider": "provider.aws"
                },
                "aws_route_table_association.mypubsubassociation.1": {
                    "type": "aws_route_table_association",
                    "depends_on": [
                        "aws_route_table.mypublicrt",
                        "aws_subnet.mypublicsubnet",
                        "aws_subnet.mypublicsubnet.*"
                    ],
                    "primary": {
                        "id": "rtbassoc-04af80927926a86a9",
                        "attributes": {
                            "id": "rtbassoc-04af80927926a86a9",
                            "route_table_id": "rtb-00ec073be108e50cf",
                            "subnet_id": "subnet-0bc6c8bf4b419df5c"
                        },
                        "meta": {},
                        "tainted": false
                    },
                    "deposed": [],
                    "provider": "provider.aws"
                },
                "aws_security_group.mywebserversg": {
                    "type": "aws_security_group",
                    "depends_on": [
                        "aws_vpc.myvpc"
                    ],
                    "primary": {
                        "id": "sg-0e21f092a659c9347",
                        "attributes": {
                            "arn": "arn:aws:ec2:us-east-1:394293180914:security-group/sg-0e21f092a659c9347",
                            "description": "Grants ports access to the webserver",
                            "egress.#": "1",
                            "egress.482069346.cidr_blocks.#": "1",
                            "egress.482069346.cidr_blocks.0": "0.0.0.0/0",
                            "egress.482069346.description": "",
                            "egress.482069346.from_port": "0",
                            "egress.482069346.ipv6_cidr_blocks.#": "0",
                            "egress.482069346.prefix_list_ids.#": "0",
                            "egress.482069346.protocol": "-1",
                            "egress.482069346.security_groups.#": "0",
                            "egress.482069346.self": "false",
                            "egress.482069346.to_port": "0",
                            "id": "sg-0e21f092a659c9347",
                            "ingress.#": "2",
                            "ingress.2214680975.cidr_blocks.#": "1",
                            "ingress.2214680975.cidr_blocks.0": "0.0.0.0/0",
                            "ingress.2214680975.description": "",
                            "ingress.2214680975.from_port": "80",
                            "ingress.2214680975.ipv6_cidr_blocks.#": "0",
                            "ingress.2214680975.prefix_list_ids.#": "0",
                            "ingress.2214680975.protocol": "tcp",
                            "ingress.2214680975.security_groups.#": "0",
                            "ingress.2214680975.self": "false",
                            "ingress.2214680975.to_port": "80",
                            "ingress.2541437006.cidr_blocks.#": "1",
                            "ingress.2541437006.cidr_blocks.0": "0.0.0.0/0",
                            "ingress.2541437006.description": "",
                            "ingress.2541437006.from_port": "22",
                            "ingress.2541437006.ipv6_cidr_blocks.#": "0",
                            "ingress.2541437006.prefix_list_ids.#": "0",
                            "ingress.2541437006.protocol": "tcp",
                            "ingress.2541437006.security_groups.#": "0",
                            "ingress.2541437006.self": "false",
                            "ingress.2541437006.to_port": "22",
                            "name": "mywebserversg",
                            "owner_id": "394293180914",
                            "revoke_rules_on_delete": "false",
                            "tags.%": "0",
                            "vpc_id": "vpc-0e4d8180eee43db7c"
                        },
                        "meta": {
                            "e2bfb730-ecaa-11e6-8f88-34363bc7c4c0": {
                                "create": 600000000000,
                                "delete": 600000000000
                            },
                            "schema_version": "1"
                        },
                        "tainted": false
                    },
                    "deposed": [],
                    "provider": "provider.aws"
                },
                "aws_subnet.myprivatesubnet.0": {
                    "type": "aws_subnet",
                    "depends_on": [
                        "aws_vpc.myvpc",
                        "data.aws_availability_zones.myavailabilityzones"
                    ],
                    "primary": {
                        "id": "subnet-0d41b1e874a4752b7",
                        "attributes": {
                            "arn": "arn:aws:ec2:us-east-1:394293180914:subnet/subnet-0d41b1e874a4752b7",
                            "assign_ipv6_address_on_creation": "false",
                            "availability_zone": "us-east-1a",
                            "availability_zone_id": "use1-az6",
                            "cidr_block": "18.0.2.0/24",
                            "id": "subnet-0d41b1e874a4752b7",
                            "ipv6_cidr_block": "",
                            "ipv6_cidr_block_association_id": "",
                            "map_public_ip_on_launch": "false",
                            "owner_id": "394293180914",
                            "tags.%": "1",
                            "tags.Name": "PvtSubnet1",
                            "vpc_id": "vpc-0e4d8180eee43db7c"
                        },
                        "meta": {
                            "e2bfb730-ecaa-11e6-8f88-34363bc7c4c0": {
                                "create": 600000000000,
                                "delete": 600000000000
                            },
                            "schema_version": "1"
                        },
                        "tainted": false
                    },
                    "deposed": [],
                    "provider": "provider.aws"
                },
                "aws_subnet.myprivatesubnet.1": {
                    "type": "aws_subnet",
                    "depends_on": [
                        "aws_vpc.myvpc",
                        "data.aws_availability_zones.myavailabilityzones"
                    ],
                    "primary": {
                        "id": "subnet-04fc25c3fb7f1b2f1",
                        "attributes": {
                            "arn": "arn:aws:ec2:us-east-1:394293180914:subnet/subnet-04fc25c3fb7f1b2f1",
                            "assign_ipv6_address_on_creation": "false",
                            "availability_zone": "us-east-1b",
                            "availability_zone_id": "use1-az1",
                            "cidr_block": "18.0.3.0/24",
                            "id": "subnet-04fc25c3fb7f1b2f1",
                            "ipv6_cidr_block": "",
                            "ipv6_cidr_block_association_id": "",
                            "map_public_ip_on_launch": "false",
                            "owner_id": "394293180914",
                            "tags.%": "1",
                            "tags.Name": "PvtSubnet2",
                            "vpc_id": "vpc-0e4d8180eee43db7c"
                        },
                        "meta": {
                            "e2bfb730-ecaa-11e6-8f88-34363bc7c4c0": {
                                "create": 600000000000,
                                "delete": 600000000000
                            },
                            "schema_version": "1"
                        },
                        "tainted": false
                    },
                    "deposed": [],
                    "provider": "provider.aws"
                },
                "aws_subnet.mypublicsubnet.0": {
                    "type": "aws_subnet",
                    "depends_on": [
                        "aws_vpc.myvpc",
                        "data.aws_availability_zones.myavailabilityzones"
                    ],
                    "primary": {
                        "id": "subnet-098ee8f6aeae31f07",
                        "attributes": {
                            "arn": "arn:aws:ec2:us-east-1:394293180914:subnet/subnet-098ee8f6aeae31f07",
                            "assign_ipv6_address_on_creation": "false",
                            "availability_zone": "us-east-1a",
                            "availability_zone_id": "use1-az6",
                            "cidr_block": "18.0.0.0/24",
                            "id": "subnet-098ee8f6aeae31f07",
                            "ipv6_cidr_block": "",
                            "ipv6_cidr_block_association_id": "",
                            "map_public_ip_on_launch": "true",
                            "owner_id": "394293180914",
                            "tags.%": "1",
                            "tags.Name": "PubSubnet1",
                            "vpc_id": "vpc-0e4d8180eee43db7c"
                        },
                        "meta": {
                            "e2bfb730-ecaa-11e6-8f88-34363bc7c4c0": {
                                "create": 600000000000,
                                "delete": 600000000000
                            },
                            "schema_version": "1"
                        },
                        "tainted": false
                    },
                    "deposed": [],
                    "provider": "provider.aws"
                },
                "aws_subnet.mypublicsubnet.1": {
                    "type": "aws_subnet",
                    "depends_on": [
                        "aws_vpc.myvpc",
                        "data.aws_availability_zones.myavailabilityzones"
                    ],
                    "primary": {
                        "id": "subnet-0bc6c8bf4b419df5c",
                        "attributes": {
                            "arn": "arn:aws:ec2:us-east-1:394293180914:subnet/subnet-0bc6c8bf4b419df5c",
                            "assign_ipv6_address_on_creation": "false",
                            "availability_zone": "us-east-1b",
                            "availability_zone_id": "use1-az1",
                            "cidr_block": "18.0.1.0/24",
                            "id": "subnet-0bc6c8bf4b419df5c",
                            "ipv6_cidr_block": "",
                            "ipv6_cidr_block_association_id": "",
                            "map_public_ip_on_launch": "true",
                            "owner_id": "394293180914",
                            "tags.%": "1",
                            "tags.Name": "PubSubnet2",
                            "vpc_id": "vpc-0e4d8180eee43db7c"
                        },
                        "meta": {
                            "e2bfb730-ecaa-11e6-8f88-34363bc7c4c0": {
                                "create": 600000000000,
                                "delete": 600000000000
                            },
                            "schema_version": "1"
                        },
                        "tainted": false
                    },
                    "deposed": [],
                    "provider": "provider.aws"
                },
                "aws_vpc.myvpc": {
                    "type": "aws_vpc",
                    "depends_on": [],
                    "primary": {
                        "id": "vpc-0e4d8180eee43db7c",
                        "attributes": {
                            "arn": "arn:aws:ec2:us-east-1:394293180914:vpc/vpc-0e4d8180eee43db7c",
                            "assign_generated_ipv6_cidr_block": "false",
                            "cidr_block": "18.0.0.0/16",
                            "default_network_acl_id": "acl-0088c64eab6413500",
                            "default_route_table_id": "rtb-0557edd558cad288d",
                            "default_security_group_id": "sg-0d72ac723a39764f0",
                            "dhcp_options_id": "dopt-0c4910a8f240b3d23",
                            "enable_classiclink": "false",
                            "enable_classiclink_dns_support": "false",
                            "enable_dns_hostnames": "true",
                            "enable_dns_support": "true",
                            "id": "vpc-0e4d8180eee43db7c",
                            "instance_tenancy": "default",
                            "ipv6_association_id": "",
                            "ipv6_cidr_block": "",
                            "main_route_table_id": "rtb-0557edd558cad288d",
                            "owner_id": "394293180914",
                            "tags.%": "1",
                            "tags.Name": "testingvpc"
                        },
                        "meta": {
                            "schema_version": "1"
                        },
                        "tainted": false
                    },
                    "deposed": [],
                    "provider": "provider.aws"
                },
                "data.aws_availability_zones.myavailabilityzones": {
                    "type": "aws_availability_zones",
                    "depends_on": [],
                    "primary": {
                        "id": "2019-01-05 21:54:20.704599539 +0000 UTC",
                        "attributes": {
                            "id": "2019-01-05 21:54:20.704599539 +0000 UTC",
                            "names.#": "6",
                            "names.0": "us-east-1a",
                            "names.1": "us-east-1b",
                            "names.2": "us-east-1c",
                            "names.3": "us-east-1d",
                            "names.4": "us-east-1e",
                            "names.5": "us-east-1f",
                            "zone_ids.#": "6",
                            "zone_ids.0": "use1-az6",
                            "zone_ids.1": "use1-az1",
                            "zone_ids.2": "use1-az2",
                            "zone_ids.3": "use1-az4",
                            "zone_ids.4": "use1-az3",
                            "zone_ids.5": "use1-az5"
                        },
                        "meta": {},
                        "tainted": false
                    },
                    "deposed": [],
                    "provider": "provider.aws"
                }
            },
            "depends_on": []
        }
    ]
}
